// !$*UTF8*$!
{
	archiveVersion = 1;
	classes = {
	};
	objectVersion = 55;
	objects = {

/* Begin PBXBuildFile section */
		8429B31A28E8D90E005ECE6E /* HomePresenter.swift in Sources */ = {isa = PBXBuildFile; fileRef = 8429B31928E8D90E005ECE6E /* HomePresenter.swift */; };
		8429B31D28E8E124005ECE6E /* TestsPresenter.swift in Sources */ = {isa = PBXBuildFile; fileRef = 8429B31C28E8E124005ECE6E /* TestsPresenter.swift */; };
		842F1B69287F610000AF45C9 /* 60EBFD59-74CC-439B-B25A-5CB90222FAA4.txt in Resources */ = {isa = PBXBuildFile; fileRef = 842F1B6B287F610000AF45C9 /* 60EBFD59-74CC-439B-B25A-5CB90222FAA4.txt */; };
		842F1B6E287F65C300AF45C9 /* ProgressVC.storyboard in Resources */ = {isa = PBXBuildFile; fileRef = 842F1B6D287F65C300AF45C9 /* ProgressVC.storyboard */; };
		8436CBEE281F00B8007668DC /* UIView+Ext.swift in Sources */ = {isa = PBXBuildFile; fileRef = 8436CBED281F00B8007668DC /* UIView+Ext.swift */; };
		8436CBF3281F4621007668DC /* CCESectionCompoundCell.swift in Sources */ = {isa = PBXBuildFile; fileRef = 8436CBF2281F4621007668DC /* CCESectionCompoundCell.swift */; };
		8436CBF5281F465D007668DC /* CCECompoundSection.swift in Sources */ = {isa = PBXBuildFile; fileRef = 8436CBF4281F465D007668DC /* CCECompoundSection.swift */; };
		84428C0328502E4F00C22BC9 /* TestResultVC.swift in Sources */ = {isa = PBXBuildFile; fileRef = 84428C0228502E4F00C22BC9 /* TestResultVC.swift */; };
		84502C94286AA0A000E86367 /* CCEDatePickerVC.swift in Sources */ = {isa = PBXBuildFile; fileRef = 84502C93286AA0A000E86367 /* CCEDatePickerVC.swift */; };
		8450BC31287F02080079E016 /* CCECompoundSectionTests.swift in Sources */ = {isa = PBXBuildFile; fileRef = 8450BC30287F02080079E016 /* CCECompoundSectionTests.swift */; };
		8450BC33287F07C90079E016 /* FatalErrorUtil.swift in Sources */ = {isa = PBXBuildFile; fileRef = 8450BC32287F07C90079E016 /* FatalErrorUtil.swift */; };
		8450BC35287F09F60079E016 /* XCTestCase+FatalError.swift in Sources */ = {isa = PBXBuildFile; fileRef = 8450BC34287F09F60079E016 /* XCTestCase+FatalError.swift */; };
		8450BC3D287F1C300079E016 /* CCETestTests.swift in Sources */ = {isa = PBXBuildFile; fileRef = 8450BC3C287F1C300079E016 /* CCETestTests.swift */; };
		8450BC42287F5DB60079E016 /* 947E5DF8-A14D-4A59-BA4E-CBC5BC1F5F6F.txt in Resources */ = {isa = PBXBuildFile; fileRef = 8450BC44287F5DB60079E016 /* 947E5DF8-A14D-4A59-BA4E-CBC5BC1F5F6F.txt */; };
		845B46E0287A7B0500AC58B0 /* RegisterVC.swift in Sources */ = {isa = PBXBuildFile; fileRef = 845B46DF287A7B0500AC58B0 /* RegisterVC.swift */; };
		845B46E2287A8FD000AC58B0 /* LoginVC.swift in Sources */ = {isa = PBXBuildFile; fileRef = 845B46E1287A8FD000AC58B0 /* LoginVC.swift */; };
		845BF3DD286E9562003952CF /* CCESeeder.swift in Sources */ = {isa = PBXBuildFile; fileRef = 845BF3DC286E9562003952CF /* CCESeeder.swift */; };
		845BF3DF286E9783003952CF /* ChapterVC.swift in Sources */ = {isa = PBXBuildFile; fileRef = 845BF3DE286E9783003952CF /* ChapterVC.swift */; };
		8462AF7728D7440000E4A759 /* DimensionManager.swift in Sources */ = {isa = PBXBuildFile; fileRef = 8462AF7628D7440000E4A759 /* DimensionManager.swift */; };
		846CF9E828809BB900E2A96F /* CCEProgressBar.swift in Sources */ = {isa = PBXBuildFile; fileRef = 846CF9E728809BB900E2A96F /* CCEProgressBar.swift */; };
		847CA1DE288104FD003CC661 /* CCEFinishedTest.swift in Sources */ = {isa = PBXBuildFile; fileRef = 847CA1DD288104FD003CC661 /* CCEFinishedTest.swift */; };
		847CA1E0288108CA003CC661 /* ScoreStatsManager.swift in Sources */ = {isa = PBXBuildFile; fileRef = 847CA1DF288108CA003CC661 /* ScoreStatsManager.swift */; };
		847DDCA5287E55DF00A77199 /* TestsVC+Ext.swift in Sources */ = {isa = PBXBuildFile; fileRef = 847DDCA4287E55DF00A77199 /* TestsVC+Ext.swift */; };
		847DDCA7287E570B00A77199 /* BookVC+Ext.swift in Sources */ = {isa = PBXBuildFile; fileRef = 847DDCA6287E570B00A77199 /* BookVC+Ext.swift */; };
		847DDCA9287E574B00A77199 /* HomeVC+Ext.swift in Sources */ = {isa = PBXBuildFile; fileRef = 847DDCA8287E574B00A77199 /* HomeVC+Ext.swift */; };
		847DDCAD287E5AB600A77199 /* TestResultVC+Ext.swift in Sources */ = {isa = PBXBuildFile; fileRef = 847DDCAC287E5AB600A77199 /* TestResultVC+Ext.swift */; };
		847DDCAF287E5FEF00A77199 /* CCEQuestion.swift in Sources */ = {isa = PBXBuildFile; fileRef = 847DDCAE287E5FEF00A77199 /* CCEQuestion.swift */; };
		847DDCB1287E601A00A77199 /* CCEDirtyQuestion.swift in Sources */ = {isa = PBXBuildFile; fileRef = 847DDCB0287E601A00A77199 /* CCEDirtyQuestion.swift */; };
		847DDCB3287E605100A77199 /* CCEChapter.swift in Sources */ = {isa = PBXBuildFile; fileRef = 847DDCB2287E605100A77199 /* CCEChapter.swift */; };
		849539E5283BCD4F00260E85 /* TestVC.swift in Sources */ = {isa = PBXBuildFile; fileRef = 849539E4283BCD4F00260E85 /* TestVC.swift */; };
		849539E7283BDABC00260E85 /* CCEButton.swift in Sources */ = {isa = PBXBuildFile; fileRef = 849539E6283BDABC00260E85 /* CCEButton.swift */; };
		849539E9283BE15E00260E85 /* CCETest.swift in Sources */ = {isa = PBXBuildFile; fileRef = 849539E8283BE15E00260E85 /* CCETest.swift */; };
		849539EC283BE3EC00260E85 /* NetworkManager.swift in Sources */ = {isa = PBXBuildFile; fileRef = 849539EB283BE3EC00260E85 /* NetworkManager.swift */; };
		84979B6E287EF6DC002675A6 /* CCESectionTests.swift in Sources */ = {isa = PBXBuildFile; fileRef = 84979B6D287EF6DC002675A6 /* CCESectionTests.swift */; };
		84A184A6281D72EC0074D5AB /* AppDelegate.swift in Sources */ = {isa = PBXBuildFile; fileRef = 84A184A5281D72EC0074D5AB /* AppDelegate.swift */; };
		84A184A8281D72EC0074D5AB /* SceneDelegate.swift in Sources */ = {isa = PBXBuildFile; fileRef = 84A184A7281D72EC0074D5AB /* SceneDelegate.swift */; };
		84A184B0281D72EC0074D5AB /* canadacitizenshipexam.xcdatamodeld in Sources */ = {isa = PBXBuildFile; fileRef = 84A184AE281D72EC0074D5AB /* canadacitizenshipexam.xcdatamodeld */; };
		84A184B5281D72ED0074D5AB /* LaunchScreen.storyboard in Resources */ = {isa = PBXBuildFile; fileRef = 84A184B3281D72ED0074D5AB /* LaunchScreen.storyboard */; };
		84A184C0281D72ED0074D5AB /* canadacitizenshipexamTests.swift in Sources */ = {isa = PBXBuildFile; fileRef = 84A184BF281D72ED0074D5AB /* canadacitizenshipexamTests.swift */; };
		84A184CA281D72ED0074D5AB /* canadacitizenshipexamUITests.swift in Sources */ = {isa = PBXBuildFile; fileRef = 84A184C9281D72ED0074D5AB /* canadacitizenshipexamUITests.swift */; };
		84A184CC281D72ED0074D5AB /* canadacitizenshipexamUITestsLaunchTests.swift in Sources */ = {isa = PBXBuildFile; fileRef = 84A184CB281D72ED0074D5AB /* canadacitizenshipexamUITestsLaunchTests.swift */; };
		84A184D9281D73CA0074D5AB /* README.md in Resources */ = {isa = PBXBuildFile; fileRef = 84A184D8281D73CA0074D5AB /* README.md */; };
		84A184DB281D84B70074D5AB /* HomeVC.swift in Sources */ = {isa = PBXBuildFile; fileRef = 84A184DA281D84B70074D5AB /* HomeVC.swift */; };
		84A184DD281D87CD0074D5AB /* TestsVC.swift in Sources */ = {isa = PBXBuildFile; fileRef = 84A184DC281D87CD0074D5AB /* TestsVC.swift */; };
		84A184DF281D88D10074D5AB /* CCEConstants.swift in Sources */ = {isa = PBXBuildFile; fileRef = 84A184DE281D88D10074D5AB /* CCEConstants.swift */; };
		84A184E1281D8A330074D5AB /* BookVC.swift in Sources */ = {isa = PBXBuildFile; fileRef = 84A184E0281D8A330074D5AB /* BookVC.swift */; };
		84A184E3281D8A820074D5AB /* ProgressVC.swift in Sources */ = {isa = PBXBuildFile; fileRef = 84A184E2281D8A820074D5AB /* ProgressVC.swift */; };
		84A184E5281D8AB90074D5AB /* SettingsVC.swift in Sources */ = {isa = PBXBuildFile; fileRef = 84A184E4281D8AB90074D5AB /* SettingsVC.swift */; };
		84A184EB281D8DB40074D5AB /* CCELevelOneTitleLabel.swift in Sources */ = {isa = PBXBuildFile; fileRef = 84A184EA281D8DB40074D5AB /* CCELevelOneTitleLabel.swift */; };
		84A184EF281D94ED0074D5AB /* CCEHeadingView.swift in Sources */ = {isa = PBXBuildFile; fileRef = 84A184EE281D94ED0074D5AB /* CCEHeadingView.swift */; };
		84A184F1281D95930074D5AB /* CCELevelTwoTitleLabel.swift in Sources */ = {isa = PBXBuildFile; fileRef = 84A184F0281D95930074D5AB /* CCELevelTwoTitleLabel.swift */; };
		84A184F3281D95CD0074D5AB /* CCEScreenCollectiveProgressView.swift in Sources */ = {isa = PBXBuildFile; fileRef = 84A184F2281D95CD0074D5AB /* CCEScreenCollectiveProgressView.swift */; };
		84A184F5281D96120074D5AB /* CCEScreenCollectiveMetricsView.swift in Sources */ = {isa = PBXBuildFile; fileRef = 84A184F4281D96120074D5AB /* CCEScreenCollectiveMetricsView.swift */; };
		84A184F7281D96740074D5AB /* CCEScreenCollectiveSummary.swift in Sources */ = {isa = PBXBuildFile; fileRef = 84A184F6281D96740074D5AB /* CCEScreenCollectiveSummary.swift */; };
		84A184F9281D98930074D5AB /* CCEBodyLabel.swift in Sources */ = {isa = PBXBuildFile; fileRef = 84A184F8281D98930074D5AB /* CCEBodyLabel.swift */; };
		84A184FB281DDEA50074D5AB /* CCECircularProgressLabel.swift in Sources */ = {isa = PBXBuildFile; fileRef = 84A184FA281DDEA50074D5AB /* CCECircularProgressLabel.swift */; };
		84A184FD281DF1630074D5AB /* CCESectionView.swift in Sources */ = {isa = PBXBuildFile; fileRef = 84A184FC281DF1630074D5AB /* CCESectionView.swift */; };
		84A18500281DF4EE0074D5AB /* CCESection.swift in Sources */ = {isa = PBXBuildFile; fileRef = 84A184FF281DF4EE0074D5AB /* CCESection.swift */; };
		84AE1BC528280F9300075F53 /* GoogleService-Info.plist in Resources */ = {isa = PBXBuildFile; fileRef = 84AE1BC428280F9300075F53 /* GoogleService-Info.plist */; };
		84B182222884EE2700903FF6 /* tests.json in Resources */ = {isa = PBXBuildFile; fileRef = 84B182242884EE2700903FF6 /* tests.json */; };
		84B8DAB5285F6C6B008DDAFE /* Int+Ext.swift in Sources */ = {isa = PBXBuildFile; fileRef = 84B8DAB4285F6C6B008DDAFE /* Int+Ext.swift */; };
		84B8DABC285F9572008DDAFE /* CardCell.swift in Sources */ = {isa = PBXBuildFile; fileRef = 84B8DABA285F9572008DDAFE /* CardCell.swift */; };
		84B8DABD285F9572008DDAFE /* CardCell.xib in Resources */ = {isa = PBXBuildFile; fileRef = 84B8DABB285F9572008DDAFE /* CardCell.xib */; };
		84B8DABF285FDD65008DDAFE /* String+Ext.swift in Sources */ = {isa = PBXBuildFile; fileRef = 84B8DABE285FDD65008DDAFE /* String+Ext.swift */; };
		84C05B9F28D74A7900FF86CB /* CCEBaseUIViewController.swift in Sources */ = {isa = PBXBuildFile; fileRef = 84C05B9E28D74A7900FF86CB /* CCEBaseUIViewController.swift */; };
		84C05BA128D7588F00FF86CB /* CCEProgressReport.swift in Sources */ = {isa = PBXBuildFile; fileRef = 84C05BA028D7588F00FF86CB /* CCEProgressReport.swift */; };
		84CC3F30287B098A005AFF0F /* CCEUsersData.swift in Sources */ = {isa = PBXBuildFile; fileRef = 84CC3F2F287B098A005AFF0F /* CCEUsersData.swift */; };
		84CC3F33287B41FB005AFF0F /* Assets.xcassets in Resources */ = {isa = PBXBuildFile; fileRef = 84CC3F32287B41FB005AFF0F /* Assets.xcassets */; };
		84CC3F36287B4211005AFF0F /* playstore.png in Resources */ = {isa = PBXBuildFile; fileRef = 84CC3F34287B4211005AFF0F /* playstore.png */; };
		84CC3F37287B4211005AFF0F /* appstore.png in Resources */ = {isa = PBXBuildFile; fileRef = 84CC3F35287B4211005AFF0F /* appstore.png */; };
		9691F4119A015A3166219E0A /* Pods_canadacitizenshipexamTests.framework in Frameworks */ = {isa = PBXBuildFile; fileRef = 840998D732D835275330E792 /* Pods_canadacitizenshipexamTests.framework */; };
		9FD3C5EDBB9A8821D5B113FD /* Pods_canadacitizenshipexam.framework in Frameworks */ = {isa = PBXBuildFile; fileRef = 123507576D564BA91E136E98 /* Pods_canadacitizenshipexam.framework */; };
		C5A4D410D3BC3077284BE6BC /* Pods_canadacitizenshipexam_canadacitizenshipexamUITests.framework in Frameworks */ = {isa = PBXBuildFile; fileRef = 464E207B50CBDE64EA5667FF /* Pods_canadacitizenshipexam_canadacitizenshipexamUITests.framework */; };
/* End PBXBuildFile section */

/* Begin PBXContainerItemProxy section */
		84A184BC281D72ED0074D5AB /* PBXContainerItemProxy */ = {
			isa = PBXContainerItemProxy;
			containerPortal = 84A1849A281D72EC0074D5AB /* Project object */;
			proxyType = 1;
			remoteGlobalIDString = 84A184A1281D72EC0074D5AB;
			remoteInfo = canadacitizenshipexam;
		};
		84A184C6281D72ED0074D5AB /* PBXContainerItemProxy */ = {
			isa = PBXContainerItemProxy;
			containerPortal = 84A1849A281D72EC0074D5AB /* Project object */;
			proxyType = 1;
			remoteGlobalIDString = 84A184A1281D72EC0074D5AB;
			remoteInfo = canadacitizenshipexam;
		};
/* End PBXContainerItemProxy section */

/* Begin PBXFileReference section */
		123507576D564BA91E136E98 /* Pods_canadacitizenshipexam.framework */ = {isa = PBXFileReference; explicitFileType = wrapper.framework; includeInIndex = 0; path = Pods_canadacitizenshipexam.framework; sourceTree = BUILT_PRODUCTS_DIR; };
		2654EEF78C2D179CA3769E49 /* Pods-canadacitizenshipexamTests.debug.xcconfig */ = {isa = PBXFileReference; includeInIndex = 1; lastKnownFileType = text.xcconfig; name = "Pods-canadacitizenshipexamTests.debug.xcconfig"; path = "Target Support Files/Pods-canadacitizenshipexamTests/Pods-canadacitizenshipexamTests.debug.xcconfig"; sourceTree = "<group>"; };
		2E0199522D1F873CD32B5E91 /* Pods-canadacitizenshipexam.release.xcconfig */ = {isa = PBXFileReference; includeInIndex = 1; lastKnownFileType = text.xcconfig; name = "Pods-canadacitizenshipexam.release.xcconfig"; path = "Target Support Files/Pods-canadacitizenshipexam/Pods-canadacitizenshipexam.release.xcconfig"; sourceTree = "<group>"; };
		3596294FFD5F9E6221EF9178 /* Pods-canadacitizenshipexamTests.release.xcconfig */ = {isa = PBXFileReference; includeInIndex = 1; lastKnownFileType = text.xcconfig; name = "Pods-canadacitizenshipexamTests.release.xcconfig"; path = "Target Support Files/Pods-canadacitizenshipexamTests/Pods-canadacitizenshipexamTests.release.xcconfig"; sourceTree = "<group>"; };
		464E207B50CBDE64EA5667FF /* Pods_canadacitizenshipexam_canadacitizenshipexamUITests.framework */ = {isa = PBXFileReference; explicitFileType = wrapper.framework; includeInIndex = 0; path = Pods_canadacitizenshipexam_canadacitizenshipexamUITests.framework; sourceTree = BUILT_PRODUCTS_DIR; };
		662D13FA3BD7D68C42651586 /* Pods-canadacitizenshipexam-canadacitizenshipexamUITests.release.xcconfig */ = {isa = PBXFileReference; includeInIndex = 1; lastKnownFileType = text.xcconfig; name = "Pods-canadacitizenshipexam-canadacitizenshipexamUITests.release.xcconfig"; path = "Target Support Files/Pods-canadacitizenshipexam-canadacitizenshipexamUITests/Pods-canadacitizenshipexam-canadacitizenshipexamUITests.release.xcconfig"; sourceTree = "<group>"; };
		840998D732D835275330E792 /* Pods_canadacitizenshipexamTests.framework */ = {isa = PBXFileReference; explicitFileType = wrapper.framework; includeInIndex = 0; path = Pods_canadacitizenshipexamTests.framework; sourceTree = BUILT_PRODUCTS_DIR; };
		8429B31928E8D90E005ECE6E /* HomePresenter.swift */ = {isa = PBXFileReference; lastKnownFileType = sourcecode.swift; path = HomePresenter.swift; sourceTree = "<group>"; };
		8429B31C28E8E124005ECE6E /* TestsPresenter.swift */ = {isa = PBXFileReference; lastKnownFileType = sourcecode.swift; path = TestsPresenter.swift; sourceTree = "<group>"; };
		842F1B6A287F610000AF45C9 /* Base */ = {isa = PBXFileReference; lastKnownFileType = text; name = Base; path = "Base.lproj/60EBFD59-74CC-439B-B25A-5CB90222FAA4.txt"; sourceTree = "<group>"; };
		842F1B6C287F610300AF45C9 /* en */ = {isa = PBXFileReference; lastKnownFileType = text; name = en; path = "en.lproj/60EBFD59-74CC-439B-B25A-5CB90222FAA4.txt"; sourceTree = "<group>"; };
		842F1B6D287F65C300AF45C9 /* ProgressVC.storyboard */ = {isa = PBXFileReference; lastKnownFileType = file.storyboard; path = ProgressVC.storyboard; sourceTree = "<group>"; };
		8436CBED281F00B8007668DC /* UIView+Ext.swift */ = {isa = PBXFileReference; lastKnownFileType = sourcecode.swift; path = "UIView+Ext.swift"; sourceTree = "<group>"; };
		8436CBF2281F4621007668DC /* CCESectionCompoundCell.swift */ = {isa = PBXFileReference; lastKnownFileType = sourcecode.swift; path = CCESectionCompoundCell.swift; sourceTree = "<group>"; };
		8436CBF4281F465D007668DC /* CCECompoundSection.swift */ = {isa = PBXFileReference; lastKnownFileType = sourcecode.swift; path = CCECompoundSection.swift; sourceTree = "<group>"; };
		84428C0228502E4F00C22BC9 /* TestResultVC.swift */ = {isa = PBXFileReference; lastKnownFileType = sourcecode.swift; path = TestResultVC.swift; sourceTree = "<group>"; };
		84502C93286AA0A000E86367 /* CCEDatePickerVC.swift */ = {isa = PBXFileReference; lastKnownFileType = sourcecode.swift; path = CCEDatePickerVC.swift; sourceTree = "<group>"; };
		8450BC30287F02080079E016 /* CCECompoundSectionTests.swift */ = {isa = PBXFileReference; lastKnownFileType = sourcecode.swift; path = CCECompoundSectionTests.swift; sourceTree = "<group>"; };
		8450BC32287F07C90079E016 /* FatalErrorUtil.swift */ = {isa = PBXFileReference; lastKnownFileType = sourcecode.swift; path = FatalErrorUtil.swift; sourceTree = "<group>"; };
		8450BC34287F09F60079E016 /* XCTestCase+FatalError.swift */ = {isa = PBXFileReference; lastKnownFileType = sourcecode.swift; path = "XCTestCase+FatalError.swift"; sourceTree = "<group>"; };
		8450BC3C287F1C300079E016 /* CCETestTests.swift */ = {isa = PBXFileReference; lastKnownFileType = sourcecode.swift; path = CCETestTests.swift; sourceTree = "<group>"; };
		8450BC43287F5DB60079E016 /* Base */ = {isa = PBXFileReference; lastKnownFileType = text; name = Base; path = "Base.lproj/947E5DF8-A14D-4A59-BA4E-CBC5BC1F5F6F.txt"; sourceTree = "<group>"; };
		8450BC45287F5DBB0079E016 /* en */ = {isa = PBXFileReference; lastKnownFileType = text; name = en; path = "en.lproj/947E5DF8-A14D-4A59-BA4E-CBC5BC1F5F6F.txt"; sourceTree = "<group>"; };
		845B46DF287A7B0500AC58B0 /* RegisterVC.swift */ = {isa = PBXFileReference; lastKnownFileType = sourcecode.swift; path = RegisterVC.swift; sourceTree = "<group>"; };
		845B46E1287A8FD000AC58B0 /* LoginVC.swift */ = {isa = PBXFileReference; lastKnownFileType = sourcecode.swift; path = LoginVC.swift; sourceTree = "<group>"; };
		845BF3DC286E9562003952CF /* CCESeeder.swift */ = {isa = PBXFileReference; lastKnownFileType = sourcecode.swift; path = CCESeeder.swift; sourceTree = "<group>"; };
		845BF3DE286E9783003952CF /* ChapterVC.swift */ = {isa = PBXFileReference; lastKnownFileType = sourcecode.swift; path = ChapterVC.swift; sourceTree = "<group>"; };
		8462AF7628D7440000E4A759 /* DimensionManager.swift */ = {isa = PBXFileReference; lastKnownFileType = sourcecode.swift; path = DimensionManager.swift; sourceTree = "<group>"; };
		846CF9E728809BB900E2A96F /* CCEProgressBar.swift */ = {isa = PBXFileReference; lastKnownFileType = sourcecode.swift; path = CCEProgressBar.swift; sourceTree = "<group>"; };
		847CA1DD288104FD003CC661 /* CCEFinishedTest.swift */ = {isa = PBXFileReference; lastKnownFileType = sourcecode.swift; path = CCEFinishedTest.swift; sourceTree = "<group>"; };
		847CA1DF288108CA003CC661 /* ScoreStatsManager.swift */ = {isa = PBXFileReference; lastKnownFileType = sourcecode.swift; path = ScoreStatsManager.swift; sourceTree = "<group>"; };
		847DDCA4287E55DF00A77199 /* TestsVC+Ext.swift */ = {isa = PBXFileReference; lastKnownFileType = sourcecode.swift; path = "TestsVC+Ext.swift"; sourceTree = "<group>"; };
		847DDCA6287E570B00A77199 /* BookVC+Ext.swift */ = {isa = PBXFileReference; lastKnownFileType = sourcecode.swift; path = "BookVC+Ext.swift"; sourceTree = "<group>"; };
		847DDCA8287E574B00A77199 /* HomeVC+Ext.swift */ = {isa = PBXFileReference; lastKnownFileType = sourcecode.swift; path = "HomeVC+Ext.swift"; sourceTree = "<group>"; };
		847DDCAC287E5AB600A77199 /* TestResultVC+Ext.swift */ = {isa = PBXFileReference; lastKnownFileType = sourcecode.swift; path = "TestResultVC+Ext.swift"; sourceTree = "<group>"; };
		847DDCAE287E5FEF00A77199 /* CCEQuestion.swift */ = {isa = PBXFileReference; lastKnownFileType = sourcecode.swift; path = CCEQuestion.swift; sourceTree = "<group>"; };
		847DDCB0287E601A00A77199 /* CCEDirtyQuestion.swift */ = {isa = PBXFileReference; lastKnownFileType = sourcecode.swift; path = CCEDirtyQuestion.swift; sourceTree = "<group>"; };
		847DDCB2287E605100A77199 /* CCEChapter.swift */ = {isa = PBXFileReference; lastKnownFileType = sourcecode.swift; path = CCEChapter.swift; sourceTree = "<group>"; };
		849539E4283BCD4F00260E85 /* TestVC.swift */ = {isa = PBXFileReference; indentWidth = 2; lastKnownFileType = sourcecode.swift; path = TestVC.swift; sourceTree = "<group>"; };
		849539E6283BDABC00260E85 /* CCEButton.swift */ = {isa = PBXFileReference; lastKnownFileType = sourcecode.swift; path = CCEButton.swift; sourceTree = "<group>"; };
		849539E8283BE15E00260E85 /* CCETest.swift */ = {isa = PBXFileReference; lastKnownFileType = sourcecode.swift; path = CCETest.swift; sourceTree = "<group>"; };
		849539EB283BE3EC00260E85 /* NetworkManager.swift */ = {isa = PBXFileReference; lastKnownFileType = sourcecode.swift; path = NetworkManager.swift; sourceTree = "<group>"; };
		84979B6D287EF6DC002675A6 /* CCESectionTests.swift */ = {isa = PBXFileReference; lastKnownFileType = sourcecode.swift; path = CCESectionTests.swift; sourceTree = "<group>"; };
		84A184A2281D72EC0074D5AB /* canadacitizenshipexam.app */ = {isa = PBXFileReference; explicitFileType = wrapper.application; includeInIndex = 0; path = canadacitizenshipexam.app; sourceTree = BUILT_PRODUCTS_DIR; };
		84A184A5281D72EC0074D5AB /* AppDelegate.swift */ = {isa = PBXFileReference; lastKnownFileType = sourcecode.swift; path = AppDelegate.swift; sourceTree = "<group>"; };
		84A184A7281D72EC0074D5AB /* SceneDelegate.swift */ = {isa = PBXFileReference; lastKnownFileType = sourcecode.swift; path = SceneDelegate.swift; sourceTree = "<group>"; };
		84A184AF281D72EC0074D5AB /* canadacitizenshipexam.xcdatamodel */ = {isa = PBXFileReference; lastKnownFileType = wrapper.xcdatamodel; path = canadacitizenshipexam.xcdatamodel; sourceTree = "<group>"; };
		84A184B4281D72ED0074D5AB /* Base */ = {isa = PBXFileReference; lastKnownFileType = file.storyboard; name = Base; path = Base.lproj/LaunchScreen.storyboard; sourceTree = "<group>"; };
		84A184B6281D72ED0074D5AB /* Info.plist */ = {isa = PBXFileReference; lastKnownFileType = text.plist.xml; path = Info.plist; sourceTree = "<group>"; };
		84A184BB281D72ED0074D5AB /* canadacitizenshipexamTests.xctest */ = {isa = PBXFileReference; explicitFileType = wrapper.cfbundle; includeInIndex = 0; path = canadacitizenshipexamTests.xctest; sourceTree = BUILT_PRODUCTS_DIR; };
		84A184BF281D72ED0074D5AB /* canadacitizenshipexamTests.swift */ = {isa = PBXFileReference; lastKnownFileType = sourcecode.swift; path = canadacitizenshipexamTests.swift; sourceTree = "<group>"; };
		84A184C5281D72ED0074D5AB /* canadacitizenshipexamUITests.xctest */ = {isa = PBXFileReference; explicitFileType = wrapper.cfbundle; includeInIndex = 0; path = canadacitizenshipexamUITests.xctest; sourceTree = BUILT_PRODUCTS_DIR; };
		84A184C9281D72ED0074D5AB /* canadacitizenshipexamUITests.swift */ = {isa = PBXFileReference; lastKnownFileType = sourcecode.swift; path = canadacitizenshipexamUITests.swift; sourceTree = "<group>"; };
		84A184CB281D72ED0074D5AB /* canadacitizenshipexamUITestsLaunchTests.swift */ = {isa = PBXFileReference; lastKnownFileType = sourcecode.swift; path = canadacitizenshipexamUITestsLaunchTests.swift; sourceTree = "<group>"; };
		84A184D8281D73CA0074D5AB /* README.md */ = {isa = PBXFileReference; lastKnownFileType = net.daringfireball.markdown; path = README.md; sourceTree = "<group>"; };
		84A184DA281D84B70074D5AB /* HomeVC.swift */ = {isa = PBXFileReference; lastKnownFileType = sourcecode.swift; path = HomeVC.swift; sourceTree = "<group>"; };
		84A184DC281D87CD0074D5AB /* TestsVC.swift */ = {isa = PBXFileReference; lastKnownFileType = sourcecode.swift; path = TestsVC.swift; sourceTree = "<group>"; };
		84A184DE281D88D10074D5AB /* CCEConstants.swift */ = {isa = PBXFileReference; lastKnownFileType = sourcecode.swift; path = CCEConstants.swift; sourceTree = "<group>"; };
		84A184E0281D8A330074D5AB /* BookVC.swift */ = {isa = PBXFileReference; lastKnownFileType = sourcecode.swift; path = BookVC.swift; sourceTree = "<group>"; };
		84A184E2281D8A820074D5AB /* ProgressVC.swift */ = {isa = PBXFileReference; lastKnownFileType = sourcecode.swift; path = ProgressVC.swift; sourceTree = "<group>"; };
		84A184E4281D8AB90074D5AB /* SettingsVC.swift */ = {isa = PBXFileReference; lastKnownFileType = sourcecode.swift; path = SettingsVC.swift; sourceTree = "<group>"; };
		84A184EA281D8DB40074D5AB /* CCELevelOneTitleLabel.swift */ = {isa = PBXFileReference; lastKnownFileType = sourcecode.swift; path = CCELevelOneTitleLabel.swift; sourceTree = "<group>"; };
		84A184EE281D94ED0074D5AB /* CCEHeadingView.swift */ = {isa = PBXFileReference; lastKnownFileType = sourcecode.swift; path = CCEHeadingView.swift; sourceTree = "<group>"; };
		84A184F0281D95930074D5AB /* CCELevelTwoTitleLabel.swift */ = {isa = PBXFileReference; lastKnownFileType = sourcecode.swift; path = CCELevelTwoTitleLabel.swift; sourceTree = "<group>"; };
		84A184F2281D95CD0074D5AB /* CCEScreenCollectiveProgressView.swift */ = {isa = PBXFileReference; lastKnownFileType = sourcecode.swift; path = CCEScreenCollectiveProgressView.swift; sourceTree = "<group>"; };
		84A184F4281D96120074D5AB /* CCEScreenCollectiveMetricsView.swift */ = {isa = PBXFileReference; lastKnownFileType = sourcecode.swift; path = CCEScreenCollectiveMetricsView.swift; sourceTree = "<group>"; };
		84A184F6281D96740074D5AB /* CCEScreenCollectiveSummary.swift */ = {isa = PBXFileReference; lastKnownFileType = sourcecode.swift; path = CCEScreenCollectiveSummary.swift; sourceTree = "<group>"; };
		84A184F8281D98930074D5AB /* CCEBodyLabel.swift */ = {isa = PBXFileReference; lastKnownFileType = sourcecode.swift; path = CCEBodyLabel.swift; sourceTree = "<group>"; };
		84A184FA281DDEA50074D5AB /* CCECircularProgressLabel.swift */ = {isa = PBXFileReference; lastKnownFileType = sourcecode.swift; path = CCECircularProgressLabel.swift; sourceTree = "<group>"; };
		84A184FC281DF1630074D5AB /* CCESectionView.swift */ = {isa = PBXFileReference; lastKnownFileType = sourcecode.swift; path = CCESectionView.swift; sourceTree = "<group>"; };
		84A184FF281DF4EE0074D5AB /* CCESection.swift */ = {isa = PBXFileReference; lastKnownFileType = sourcecode.swift; path = CCESection.swift; sourceTree = "<group>"; };
		84AE1BC428280F9300075F53 /* GoogleService-Info.plist */ = {isa = PBXFileReference; fileEncoding = 4; lastKnownFileType = text.plist.xml; path = "GoogleService-Info.plist"; sourceTree = "<group>"; };
		84B182232884EE2700903FF6 /* Base */ = {isa = PBXFileReference; lastKnownFileType = text.json; name = Base; path = Base.lproj/tests.json; sourceTree = "<group>"; };
		84B8DAB4285F6C6B008DDAFE /* Int+Ext.swift */ = {isa = PBXFileReference; lastKnownFileType = sourcecode.swift; path = "Int+Ext.swift"; sourceTree = "<group>"; };
		84B8DABA285F9572008DDAFE /* CardCell.swift */ = {isa = PBXFileReference; lastKnownFileType = sourcecode.swift; path = CardCell.swift; sourceTree = "<group>"; };
		84B8DABB285F9572008DDAFE /* CardCell.xib */ = {isa = PBXFileReference; lastKnownFileType = file.xib; path = CardCell.xib; sourceTree = "<group>"; };
		84B8DABE285FDD65008DDAFE /* String+Ext.swift */ = {isa = PBXFileReference; lastKnownFileType = sourcecode.swift; path = "String+Ext.swift"; sourceTree = "<group>"; };
		84C05B9E28D74A7900FF86CB /* CCEBaseUIViewController.swift */ = {isa = PBXFileReference; lastKnownFileType = sourcecode.swift; path = CCEBaseUIViewController.swift; sourceTree = "<group>"; };
		84C05BA028D7588F00FF86CB /* CCEProgressReport.swift */ = {isa = PBXFileReference; lastKnownFileType = sourcecode.swift; path = CCEProgressReport.swift; sourceTree = "<group>"; };
		84CC3F2F287B098A005AFF0F /* CCEUsersData.swift */ = {isa = PBXFileReference; lastKnownFileType = sourcecode.swift; path = CCEUsersData.swift; sourceTree = "<group>"; };
		84CC3F32287B41FB005AFF0F /* Assets.xcassets */ = {isa = PBXFileReference; lastKnownFileType = folder.assetcatalog; path = Assets.xcassets; sourceTree = "<group>"; };
		84CC3F34287B4211005AFF0F /* playstore.png */ = {isa = PBXFileReference; lastKnownFileType = image.png; path = playstore.png; sourceTree = "<group>"; };
		84CC3F35287B4211005AFF0F /* appstore.png */ = {isa = PBXFileReference; lastKnownFileType = image.png; path = appstore.png; sourceTree = "<group>"; };
		84DF08B12855720F005623DC /* playground.playground */ = {isa = PBXFileReference; lastKnownFileType = file.playground; path = playground.playground; sourceTree = "<group>"; xcLanguageSpecificationIdentifier = xcode.lang.swift; };
		B11E0A23345BFF5B4B1D8486 /* Pods-canadacitizenshipexam.debug.xcconfig */ = {isa = PBXFileReference; includeInIndex = 1; lastKnownFileType = text.xcconfig; name = "Pods-canadacitizenshipexam.debug.xcconfig"; path = "Target Support Files/Pods-canadacitizenshipexam/Pods-canadacitizenshipexam.debug.xcconfig"; sourceTree = "<group>"; };
		D021F3C61232A3483D583E72 /* Pods-canadacitizenshipexam-canadacitizenshipexamUITests.debug.xcconfig */ = {isa = PBXFileReference; includeInIndex = 1; lastKnownFileType = text.xcconfig; name = "Pods-canadacitizenshipexam-canadacitizenshipexamUITests.debug.xcconfig"; path = "Target Support Files/Pods-canadacitizenshipexam-canadacitizenshipexamUITests/Pods-canadacitizenshipexam-canadacitizenshipexamUITests.debug.xcconfig"; sourceTree = "<group>"; };
/* End PBXFileReference section */

/* Begin PBXFrameworksBuildPhase section */
		84A1849F281D72EC0074D5AB /* Frameworks */ = {
			isa = PBXFrameworksBuildPhase;
			buildActionMask = 2147483647;
			files = (
				9FD3C5EDBB9A8821D5B113FD /* Pods_canadacitizenshipexam.framework in Frameworks */,
			);
			runOnlyForDeploymentPostprocessing = 0;
		};
		84A184B8281D72ED0074D5AB /* Frameworks */ = {
			isa = PBXFrameworksBuildPhase;
			buildActionMask = 2147483647;
			files = (
				9691F4119A015A3166219E0A /* Pods_canadacitizenshipexamTests.framework in Frameworks */,
			);
			runOnlyForDeploymentPostprocessing = 0;
		};
		84A184C2281D72ED0074D5AB /* Frameworks */ = {
			isa = PBXFrameworksBuildPhase;
			buildActionMask = 2147483647;
			files = (
				C5A4D410D3BC3077284BE6BC /* Pods_canadacitizenshipexam_canadacitizenshipexamUITests.framework in Frameworks */,
			);
			runOnlyForDeploymentPostprocessing = 0;
		};
/* End PBXFrameworksBuildPhase section */

/* Begin PBXGroup section */
		8429B31828E8D8F8005ECE6E /* Home */ = {
			isa = PBXGroup;
			children = (
				84A184DA281D84B70074D5AB /* HomeVC.swift */,
				8429B31928E8D90E005ECE6E /* HomePresenter.swift */,
			);
			path = Home;
			sourceTree = "<group>";
		};
		8429B31B28E8E09B005ECE6E /* Tests */ = {
			isa = PBXGroup;
			children = (
				84A184DC281D87CD0074D5AB /* TestsVC.swift */,
				8429B31C28E8E124005ECE6E /* TestsPresenter.swift */,
			);
			path = Tests;
			sourceTree = "<group>";
		};
		8436CBEF281F11FB007668DC /* Cells */ = {
			isa = PBXGroup;
			children = (
				8436CBF2281F4621007668DC /* CCESectionCompoundCell.swift */,
			);
			path = Cells;
			sourceTree = "<group>";
		};
		8450BC2F287F01E00079E016 /* CCECompoundSectionTests */ = {
			isa = PBXGroup;
			children = (
				8450BC30287F02080079E016 /* CCECompoundSectionTests.swift */,
			);
			path = CCECompoundSectionTests;
			sourceTree = "<group>";
		};
		8450BC3B287F1C1D0079E016 /* CCETestTests */ = {
			isa = PBXGroup;
			children = (
				8450BC3C287F1C300079E016 /* CCETestTests.swift */,
			);
			path = CCETestTests;
			sourceTree = "<group>";
		};
		8450BC3E287F5A4C0079E016 /* data */ = {
			isa = PBXGroup;
			children = (
				8450BC3F287F5A5D0079E016 /* chapters */,
				84B1821F2884E83000903FF6 /* tests */,
			);
			path = data;
			sourceTree = "<group>";
		};
		8450BC3F287F5A5D0079E016 /* chapters */ = {
			isa = PBXGroup;
			children = (
				8450BC44287F5DB60079E016 /* 947E5DF8-A14D-4A59-BA4E-CBC5BC1F5F6F.txt */,
				842F1B6B287F610000AF45C9 /* 60EBFD59-74CC-439B-B25A-5CB90222FAA4.txt */,
			);
			path = chapters;
			sourceTree = "<group>";
		};
		849539EA283BE3DC00260E85 /* Managers */ = {
			isa = PBXGroup;
			children = (
				849539EB283BE3EC00260E85 /* NetworkManager.swift */,
				847CA1DF288108CA003CC661 /* ScoreStatsManager.swift */,
				8462AF7628D7440000E4A759 /* DimensionManager.swift */,
			);
			path = Managers;
			sourceTree = "<group>";
		};
		84979B6C287EF6A1002675A6 /* CCESectionTests */ = {
			isa = PBXGroup;
			children = (
				84979B6D287EF6DC002675A6 /* CCESectionTests.swift */,
			);
			path = CCESectionTests;
			sourceTree = "<group>";
		};
		84A18499281D72EC0074D5AB = {
			isa = PBXGroup;
			children = (
				84DF08B12855720F005623DC /* playground.playground */,
				84AE1BC428280F9300075F53 /* GoogleService-Info.plist */,
				84A184D8281D73CA0074D5AB /* README.md */,
				84A184A4281D72EC0074D5AB /* canadacitizenshipexam */,
				84A184BE281D72ED0074D5AB /* canadacitizenshipexamTests */,
				84A184C8281D72ED0074D5AB /* canadacitizenshipexamUITests */,
				84A184A3281D72EC0074D5AB /* Products */,
				E0CA7DEF2B0C8892D7E131B6 /* Pods */,
				FD78F72CB9DF668B53BFE28B /* Frameworks */,
			);
			sourceTree = "<group>";
		};
		84A184A3281D72EC0074D5AB /* Products */ = {
			isa = PBXGroup;
			children = (
				84A184A2281D72EC0074D5AB /* canadacitizenshipexam.app */,
				84A184BB281D72ED0074D5AB /* canadacitizenshipexamTests.xctest */,
				84A184C5281D72ED0074D5AB /* canadacitizenshipexamUITests.xctest */,
			);
			name = Products;
			sourceTree = "<group>";
		};
		84A184A4281D72EC0074D5AB /* canadacitizenshipexam */ = {
			isa = PBXGroup;
			children = (
				8450BC3E287F5A4C0079E016 /* data */,
				849539EA283BE3DC00260E85 /* Managers */,
				84A184FE281DF4CB0074D5AB /* Models */,
				84A184E7281D8BA20074D5AB /* Utils */,
				84A184E8281D8D4C0074D5AB /* Components */,
				84A184E6281D8B7C0074D5AB /* ScreenLevelVC */,
				8450BC32287F07C90079E016 /* FatalErrorUtil.swift */,
				84A184A5281D72EC0074D5AB /* AppDelegate.swift */,
				84A184A7281D72EC0074D5AB /* SceneDelegate.swift */,
				84A184B3281D72ED0074D5AB /* LaunchScreen.storyboard */,
				84A184B6281D72ED0074D5AB /* Info.plist */,
				84CC3F35287B4211005AFF0F /* appstore.png */,
				84CC3F34287B4211005AFF0F /* playstore.png */,
				84CC3F32287B41FB005AFF0F /* Assets.xcassets */,
				84A184AE281D72EC0074D5AB /* canadacitizenshipexam.xcdatamodeld */,
			);
			path = canadacitizenshipexam;
			sourceTree = "<group>";
		};
		84A184BE281D72ED0074D5AB /* canadacitizenshipexamTests */ = {
			isa = PBXGroup;
			children = (
				8450BC3B287F1C1D0079E016 /* CCETestTests */,
				84979B6C287EF6A1002675A6 /* CCESectionTests */,
				8450BC2F287F01E00079E016 /* CCECompoundSectionTests */,
				84A184BF281D72ED0074D5AB /* canadacitizenshipexamTests.swift */,
				8450BC34287F09F60079E016 /* XCTestCase+FatalError.swift */,
			);
			path = canadacitizenshipexamTests;
			sourceTree = "<group>";
		};
		84A184C8281D72ED0074D5AB /* canadacitizenshipexamUITests */ = {
			isa = PBXGroup;
			children = (
				84A184C9281D72ED0074D5AB /* canadacitizenshipexamUITests.swift */,
				84A184CB281D72ED0074D5AB /* canadacitizenshipexamUITestsLaunchTests.swift */,
			);
			path = canadacitizenshipexamUITests;
			sourceTree = "<group>";
		};
		84A184E6281D8B7C0074D5AB /* ScreenLevelVC */ = {
			isa = PBXGroup;
			children = (
				8429B31828E8D8F8005ECE6E /* Home */,
				8429B31B28E8E09B005ECE6E /* Tests */,
				842F1B6D287F65C300AF45C9 /* ProgressVC.storyboard */,
				84A184E2281D8A820074D5AB /* ProgressVC.swift */,
				849539E4283BCD4F00260E85 /* TestVC.swift */,
				84428C0228502E4F00C22BC9 /* TestResultVC.swift */,
				845BF3DE286E9783003952CF /* ChapterVC.swift */,
				845B46DF287A7B0500AC58B0 /* RegisterVC.swift */,
				845B46E1287A8FD000AC58B0 /* LoginVC.swift */,
				84A184E0281D8A330074D5AB /* BookVC.swift */,
				84A184E4281D8AB90074D5AB /* SettingsVC.swift */,
				84C05B9E28D74A7900FF86CB /* CCEBaseUIViewController.swift */,
			);
			path = ScreenLevelVC;
			sourceTree = "<group>";
		};
		84A184E7281D8BA20074D5AB /* Utils */ = {
			isa = PBXGroup;
			children = (
				84A184DE281D88D10074D5AB /* CCEConstants.swift */,
				845BF3DC286E9562003952CF /* CCESeeder.swift */,
				8436CBED281F00B8007668DC /* UIView+Ext.swift */,
				84B8DAB4285F6C6B008DDAFE /* Int+Ext.swift */,
				84B8DABE285FDD65008DDAFE /* String+Ext.swift */,
				847DDCA4287E55DF00A77199 /* TestsVC+Ext.swift */,
				847DDCA6287E570B00A77199 /* BookVC+Ext.swift */,
				847DDCA8287E574B00A77199 /* HomeVC+Ext.swift */,
				847DDCAC287E5AB600A77199 /* TestResultVC+Ext.swift */,
			);
			path = Utils;
			sourceTree = "<group>";
		};
		84A184E8281D8D4C0074D5AB /* Components */ = {
			isa = PBXGroup;
			children = (
				8436CBEF281F11FB007668DC /* Cells */,
				84A184EC281D94670074D5AB /* Views */,
				84A184ED281D94700074D5AB /* ViewControllers */,
				84A184E9281D8D910074D5AB /* Labels */,
			);
			path = Components;
			sourceTree = "<group>";
		};
		84A184E9281D8D910074D5AB /* Labels */ = {
			isa = PBXGroup;
			children = (
				84A184EA281D8DB40074D5AB /* CCELevelOneTitleLabel.swift */,
				84A184F0281D95930074D5AB /* CCELevelTwoTitleLabel.swift */,
				84A184F8281D98930074D5AB /* CCEBodyLabel.swift */,
				84A184FA281DDEA50074D5AB /* CCECircularProgressLabel.swift */,
			);
			path = Labels;
			sourceTree = "<group>";
		};
		84A184EC281D94670074D5AB /* Views */ = {
			isa = PBXGroup;
			children = (
				84A184F2281D95CD0074D5AB /* CCEScreenCollectiveProgressView.swift */,
				84A184F4281D96120074D5AB /* CCEScreenCollectiveMetricsView.swift */,
				84A184F6281D96740074D5AB /* CCEScreenCollectiveSummary.swift */,
				84A184EE281D94ED0074D5AB /* CCEHeadingView.swift */,
				84A184FC281DF1630074D5AB /* CCESectionView.swift */,
				849539E6283BDABC00260E85 /* CCEButton.swift */,
				84B8DABA285F9572008DDAFE /* CardCell.swift */,
				84B8DABB285F9572008DDAFE /* CardCell.xib */,
				846CF9E728809BB900E2A96F /* CCEProgressBar.swift */,
			);
			path = Views;
			sourceTree = "<group>";
		};
		84A184ED281D94700074D5AB /* ViewControllers */ = {
			isa = PBXGroup;
			children = (
				84502C93286AA0A000E86367 /* CCEDatePickerVC.swift */,
			);
			path = ViewControllers;
			sourceTree = "<group>";
		};
		84A184FE281DF4CB0074D5AB /* Models */ = {
			isa = PBXGroup;
			children = (
				84A184FF281DF4EE0074D5AB /* CCESection.swift */,
				8436CBF4281F465D007668DC /* CCECompoundSection.swift */,
				849539E8283BE15E00260E85 /* CCETest.swift */,
				84CC3F2F287B098A005AFF0F /* CCEUsersData.swift */,
				847DDCAE287E5FEF00A77199 /* CCEQuestion.swift */,
				847DDCB0287E601A00A77199 /* CCEDirtyQuestion.swift */,
				847DDCB2287E605100A77199 /* CCEChapter.swift */,
				847CA1DD288104FD003CC661 /* CCEFinishedTest.swift */,
				84C05BA028D7588F00FF86CB /* CCEProgressReport.swift */,
			);
			path = Models;
			sourceTree = "<group>";
		};
		84B1821F2884E83000903FF6 /* tests */ = {
			isa = PBXGroup;
			children = (
				84B182242884EE2700903FF6 /* tests.json */,
			);
			path = tests;
			sourceTree = "<group>";
		};
		E0CA7DEF2B0C8892D7E131B6 /* Pods */ = {
			isa = PBXGroup;
			children = (
				B11E0A23345BFF5B4B1D8486 /* Pods-canadacitizenshipexam.debug.xcconfig */,
				2E0199522D1F873CD32B5E91 /* Pods-canadacitizenshipexam.release.xcconfig */,
				D021F3C61232A3483D583E72 /* Pods-canadacitizenshipexam-canadacitizenshipexamUITests.debug.xcconfig */,
				662D13FA3BD7D68C42651586 /* Pods-canadacitizenshipexam-canadacitizenshipexamUITests.release.xcconfig */,
				2654EEF78C2D179CA3769E49 /* Pods-canadacitizenshipexamTests.debug.xcconfig */,
				3596294FFD5F9E6221EF9178 /* Pods-canadacitizenshipexamTests.release.xcconfig */,
			);
			path = Pods;
			sourceTree = "<group>";
		};
		FD78F72CB9DF668B53BFE28B /* Frameworks */ = {
			isa = PBXGroup;
			children = (
				123507576D564BA91E136E98 /* Pods_canadacitizenshipexam.framework */,
				464E207B50CBDE64EA5667FF /* Pods_canadacitizenshipexam_canadacitizenshipexamUITests.framework */,
				840998D732D835275330E792 /* Pods_canadacitizenshipexamTests.framework */,
			);
			name = Frameworks;
			sourceTree = "<group>";
		};
/* End PBXGroup section */

/* Begin PBXNativeTarget section */
		84A184A1281D72EC0074D5AB /* canadacitizenshipexam */ = {
			isa = PBXNativeTarget;
			buildConfigurationList = 84A184CF281D72ED0074D5AB /* Build configuration list for PBXNativeTarget "canadacitizenshipexam" */;
			buildPhases = (
				326AC47156564FF5094709F8 /* [CP] Check Pods Manifest.lock */,
				84A1849E281D72EC0074D5AB /* Sources */,
				84A1849F281D72EC0074D5AB /* Frameworks */,
				84A184A0281D72EC0074D5AB /* Resources */,
				371BBF814EAA2A1A5980A51D /* [CP] Embed Pods Frameworks */,
				0A8AEB099DB2CE4C0EB963F8 /* [CP] Copy Pods Resources */,
			);
			buildRules = (
			);
			dependencies = (
			);
			name = canadacitizenshipexam;
			productName = canadacitizenshipexam;
			productReference = 84A184A2281D72EC0074D5AB /* canadacitizenshipexam.app */;
			productType = "com.apple.product-type.application";
		};
		84A184BA281D72ED0074D5AB /* canadacitizenshipexamTests */ = {
			isa = PBXNativeTarget;
			buildConfigurationList = 84A184D2281D72ED0074D5AB /* Build configuration list for PBXNativeTarget "canadacitizenshipexamTests" */;
			buildPhases = (
				9BFE519A9E59E81E9C3B8CD9 /* [CP] Check Pods Manifest.lock */,
				84A184B7281D72ED0074D5AB /* Sources */,
				84A184B8281D72ED0074D5AB /* Frameworks */,
				84A184B9281D72ED0074D5AB /* Resources */,
			);
			buildRules = (
			);
			dependencies = (
				84A184BD281D72ED0074D5AB /* PBXTargetDependency */,
			);
			name = canadacitizenshipexamTests;
			productName = canadacitizenshipexamTests;
			productReference = 84A184BB281D72ED0074D5AB /* canadacitizenshipexamTests.xctest */;
			productType = "com.apple.product-type.bundle.unit-test";
		};
		84A184C4281D72ED0074D5AB /* canadacitizenshipexamUITests */ = {
			isa = PBXNativeTarget;
			buildConfigurationList = 84A184D5281D72ED0074D5AB /* Build configuration list for PBXNativeTarget "canadacitizenshipexamUITests" */;
			buildPhases = (
				01E6F581E0C285C614A915DC /* [CP] Check Pods Manifest.lock */,
				84A184C1281D72ED0074D5AB /* Sources */,
				84A184C2281D72ED0074D5AB /* Frameworks */,
				84A184C3281D72ED0074D5AB /* Resources */,
				F6AF801123C73443976FCCD1 /* [CP] Embed Pods Frameworks */,
				0F4F0A627188F516EF83F299 /* [CP] Copy Pods Resources */,
			);
			buildRules = (
			);
			dependencies = (
				84A184C7281D72ED0074D5AB /* PBXTargetDependency */,
			);
			name = canadacitizenshipexamUITests;
			productName = canadacitizenshipexamUITests;
			productReference = 84A184C5281D72ED0074D5AB /* canadacitizenshipexamUITests.xctest */;
			productType = "com.apple.product-type.bundle.ui-testing";
		};
/* End PBXNativeTarget section */

/* Begin PBXProject section */
		84A1849A281D72EC0074D5AB /* Project object */ = {
			isa = PBXProject;
			attributes = {
				BuildIndependentTargetsInParallel = 1;
				LastSwiftUpdateCheck = 1320;
				LastUpgradeCheck = 1320;
				TargetAttributes = {
					84A184A1281D72EC0074D5AB = {
						CreatedOnToolsVersion = 13.2.1;
					};
					84A184BA281D72ED0074D5AB = {
						CreatedOnToolsVersion = 13.2.1;
						TestTargetID = 84A184A1281D72EC0074D5AB;
					};
					84A184C4281D72ED0074D5AB = {
						CreatedOnToolsVersion = 13.2.1;
						TestTargetID = 84A184A1281D72EC0074D5AB;
					};
				};
			};
			buildConfigurationList = 84A1849D281D72EC0074D5AB /* Build configuration list for PBXProject "canadacitizenshipexam" */;
			compatibilityVersion = "Xcode 13.0";
			developmentRegion = en;
			hasScannedForEncodings = 0;
			knownRegions = (
				en,
				Base,
			);
			mainGroup = 84A18499281D72EC0074D5AB;
			productRefGroup = 84A184A3281D72EC0074D5AB /* Products */;
			projectDirPath = "";
			projectRoot = "";
			targets = (
				84A184A1281D72EC0074D5AB /* canadacitizenshipexam */,
				84A184BA281D72ED0074D5AB /* canadacitizenshipexamTests */,
				84A184C4281D72ED0074D5AB /* canadacitizenshipexamUITests */,
			);
		};
/* End PBXProject section */

/* Begin PBXResourcesBuildPhase section */
		84A184A0281D72EC0074D5AB /* Resources */ = {
			isa = PBXResourcesBuildPhase;
			buildActionMask = 2147483647;
			files = (
				842F1B6E287F65C300AF45C9 /* ProgressVC.storyboard in Resources */,
				84B182222884EE2700903FF6 /* tests.json in Resources */,
				84A184D9281D73CA0074D5AB /* README.md in Resources */,
				84B8DABD285F9572008DDAFE /* CardCell.xib in Resources */,
				84CC3F37287B4211005AFF0F /* appstore.png in Resources */,
				8450BC42287F5DB60079E016 /* 947E5DF8-A14D-4A59-BA4E-CBC5BC1F5F6F.txt in Resources */,
				84AE1BC528280F9300075F53 /* GoogleService-Info.plist in Resources */,
				84A184B5281D72ED0074D5AB /* LaunchScreen.storyboard in Resources */,
				84CC3F33287B41FB005AFF0F /* Assets.xcassets in Resources */,
				84CC3F36287B4211005AFF0F /* playstore.png in Resources */,
				842F1B69287F610000AF45C9 /* 60EBFD59-74CC-439B-B25A-5CB90222FAA4.txt in Resources */,
			);
			runOnlyForDeploymentPostprocessing = 0;
		};
		84A184B9281D72ED0074D5AB /* Resources */ = {
			isa = PBXResourcesBuildPhase;
			buildActionMask = 2147483647;
			files = (
			);
			runOnlyForDeploymentPostprocessing = 0;
		};
		84A184C3281D72ED0074D5AB /* Resources */ = {
			isa = PBXResourcesBuildPhase;
			buildActionMask = 2147483647;
			files = (
			);
			runOnlyForDeploymentPostprocessing = 0;
		};
/* End PBXResourcesBuildPhase section */

/* Begin PBXShellScriptBuildPhase section */
		01E6F581E0C285C614A915DC /* [CP] Check Pods Manifest.lock */ = {
			isa = PBXShellScriptBuildPhase;
			buildActionMask = 2147483647;
			files = (
			);
			inputFileListPaths = (
			);
			inputPaths = (
				"${PODS_PODFILE_DIR_PATH}/Podfile.lock",
				"${PODS_ROOT}/Manifest.lock",
			);
			name = "[CP] Check Pods Manifest.lock";
			outputFileListPaths = (
			);
			outputPaths = (
				"$(DERIVED_FILE_DIR)/Pods-canadacitizenshipexam-canadacitizenshipexamUITests-checkManifestLockResult.txt",
			);
			runOnlyForDeploymentPostprocessing = 0;
			shellPath = /bin/sh;
			shellScript = "diff \"${PODS_PODFILE_DIR_PATH}/Podfile.lock\" \"${PODS_ROOT}/Manifest.lock\" > /dev/null\nif [ $? != 0 ] ; then\n    # print error to STDERR\n    echo \"error: The sandbox is not in sync with the Podfile.lock. Run 'pod install' or update your CocoaPods installation.\" >&2\n    exit 1\nfi\n# This output is used by Xcode 'outputs' to avoid re-running this script phase.\necho \"SUCCESS\" > \"${SCRIPT_OUTPUT_FILE_0}\"\n";
			showEnvVarsInLog = 0;
		};
		0A8AEB099DB2CE4C0EB963F8 /* [CP] Copy Pods Resources */ = {
			isa = PBXShellScriptBuildPhase;
			buildActionMask = 2147483647;
			files = (
			);
			inputFileListPaths = (
				"${PODS_ROOT}/Target Support Files/Pods-canadacitizenshipexam/Pods-canadacitizenshipexam-resources-${CONFIGURATION}-input-files.xcfilelist",
			);
			name = "[CP] Copy Pods Resources";
			outputFileListPaths = (
				"${PODS_ROOT}/Target Support Files/Pods-canadacitizenshipexam/Pods-canadacitizenshipexam-resources-${CONFIGURATION}-output-files.xcfilelist",
			);
			runOnlyForDeploymentPostprocessing = 0;
			shellPath = /bin/sh;
			shellScript = "\"${PODS_ROOT}/Target Support Files/Pods-canadacitizenshipexam/Pods-canadacitizenshipexam-resources.sh\"\n";
			showEnvVarsInLog = 0;
		};
		0F4F0A627188F516EF83F299 /* [CP] Copy Pods Resources */ = {
			isa = PBXShellScriptBuildPhase;
			buildActionMask = 2147483647;
			files = (
			);
			inputFileListPaths = (
				"${PODS_ROOT}/Target Support Files/Pods-canadacitizenshipexam-canadacitizenshipexamUITests/Pods-canadacitizenshipexam-canadacitizenshipexamUITests-resources-${CONFIGURATION}-input-files.xcfilelist",
			);
			name = "[CP] Copy Pods Resources";
			outputFileListPaths = (
				"${PODS_ROOT}/Target Support Files/Pods-canadacitizenshipexam-canadacitizenshipexamUITests/Pods-canadacitizenshipexam-canadacitizenshipexamUITests-resources-${CONFIGURATION}-output-files.xcfilelist",
			);
			runOnlyForDeploymentPostprocessing = 0;
			shellPath = /bin/sh;
			shellScript = "\"${PODS_ROOT}/Target Support Files/Pods-canadacitizenshipexam-canadacitizenshipexamUITests/Pods-canadacitizenshipexam-canadacitizenshipexamUITests-resources.sh\"\n";
			showEnvVarsInLog = 0;
		};
		326AC47156564FF5094709F8 /* [CP] Check Pods Manifest.lock */ = {
			isa = PBXShellScriptBuildPhase;
			buildActionMask = 2147483647;
			files = (
			);
			inputFileListPaths = (
			);
			inputPaths = (
				"${PODS_PODFILE_DIR_PATH}/Podfile.lock",
				"${PODS_ROOT}/Manifest.lock",
			);
			name = "[CP] Check Pods Manifest.lock";
			outputFileListPaths = (
			);
			outputPaths = (
				"$(DERIVED_FILE_DIR)/Pods-canadacitizenshipexam-checkManifestLockResult.txt",
			);
			runOnlyForDeploymentPostprocessing = 0;
			shellPath = /bin/sh;
			shellScript = "diff \"${PODS_PODFILE_DIR_PATH}/Podfile.lock\" \"${PODS_ROOT}/Manifest.lock\" > /dev/null\nif [ $? != 0 ] ; then\n    # print error to STDERR\n    echo \"error: The sandbox is not in sync with the Podfile.lock. Run 'pod install' or update your CocoaPods installation.\" >&2\n    exit 1\nfi\n# This output is used by Xcode 'outputs' to avoid re-running this script phase.\necho \"SUCCESS\" > \"${SCRIPT_OUTPUT_FILE_0}\"\n";
			showEnvVarsInLog = 0;
		};
		371BBF814EAA2A1A5980A51D /* [CP] Embed Pods Frameworks */ = {
			isa = PBXShellScriptBuildPhase;
			buildActionMask = 2147483647;
			files = (
			);
			inputFileListPaths = (
				"${PODS_ROOT}/Target Support Files/Pods-canadacitizenshipexam/Pods-canadacitizenshipexam-frameworks-${CONFIGURATION}-input-files.xcfilelist",
			);
			name = "[CP] Embed Pods Frameworks";
			outputFileListPaths = (
				"${PODS_ROOT}/Target Support Files/Pods-canadacitizenshipexam/Pods-canadacitizenshipexam-frameworks-${CONFIGURATION}-output-files.xcfilelist",
			);
			runOnlyForDeploymentPostprocessing = 0;
			shellPath = /bin/sh;
			shellScript = "\"${PODS_ROOT}/Target Support Files/Pods-canadacitizenshipexam/Pods-canadacitizenshipexam-frameworks.sh\"\n";
			showEnvVarsInLog = 0;
		};
		9BFE519A9E59E81E9C3B8CD9 /* [CP] Check Pods Manifest.lock */ = {
			isa = PBXShellScriptBuildPhase;
			buildActionMask = 2147483647;
			files = (
			);
			inputFileListPaths = (
			);
			inputPaths = (
				"${PODS_PODFILE_DIR_PATH}/Podfile.lock",
				"${PODS_ROOT}/Manifest.lock",
			);
			name = "[CP] Check Pods Manifest.lock";
			outputFileListPaths = (
			);
			outputPaths = (
				"$(DERIVED_FILE_DIR)/Pods-canadacitizenshipexamTests-checkManifestLockResult.txt",
			);
			runOnlyForDeploymentPostprocessing = 0;
			shellPath = /bin/sh;
			shellScript = "diff \"${PODS_PODFILE_DIR_PATH}/Podfile.lock\" \"${PODS_ROOT}/Manifest.lock\" > /dev/null\nif [ $? != 0 ] ; then\n    # print error to STDERR\n    echo \"error: The sandbox is not in sync with the Podfile.lock. Run 'pod install' or update your CocoaPods installation.\" >&2\n    exit 1\nfi\n# This output is used by Xcode 'outputs' to avoid re-running this script phase.\necho \"SUCCESS\" > \"${SCRIPT_OUTPUT_FILE_0}\"\n";
			showEnvVarsInLog = 0;
		};
		F6AF801123C73443976FCCD1 /* [CP] Embed Pods Frameworks */ = {
			isa = PBXShellScriptBuildPhase;
			buildActionMask = 2147483647;
			files = (
			);
			inputFileListPaths = (
				"${PODS_ROOT}/Target Support Files/Pods-canadacitizenshipexam-canadacitizenshipexamUITests/Pods-canadacitizenshipexam-canadacitizenshipexamUITests-frameworks-${CONFIGURATION}-input-files.xcfilelist",
			);
			name = "[CP] Embed Pods Frameworks";
			outputFileListPaths = (
				"${PODS_ROOT}/Target Support Files/Pods-canadacitizenshipexam-canadacitizenshipexamUITests/Pods-canadacitizenshipexam-canadacitizenshipexamUITests-frameworks-${CONFIGURATION}-output-files.xcfilelist",
			);
			runOnlyForDeploymentPostprocessing = 0;
			shellPath = /bin/sh;
			shellScript = "\"${PODS_ROOT}/Target Support Files/Pods-canadacitizenshipexam-canadacitizenshipexamUITests/Pods-canadacitizenshipexam-canadacitizenshipexamUITests-frameworks.sh\"\n";
			showEnvVarsInLog = 0;
		};
/* End PBXShellScriptBuildPhase section */

/* Begin PBXSourcesBuildPhase section */
		84A1849E281D72EC0074D5AB /* Sources */ = {
			isa = PBXSourcesBuildPhase;
			buildActionMask = 2147483647;
			files = (
				84A184FB281DDEA50074D5AB /* CCECircularProgressLabel.swift in Sources */,
				84428C0328502E4F00C22BC9 /* TestResultVC.swift in Sources */,
				8462AF7728D7440000E4A759 /* DimensionManager.swift in Sources */,
				847DDCB1287E601A00A77199 /* CCEDirtyQuestion.swift in Sources */,
				84A184FD281DF1630074D5AB /* CCESectionView.swift in Sources */,
				84A184A6281D72EC0074D5AB /* AppDelegate.swift in Sources */,
				84B8DAB5285F6C6B008DDAFE /* Int+Ext.swift in Sources */,
				84A184E3281D8A820074D5AB /* ProgressVC.swift in Sources */,
				84A184F1281D95930074D5AB /* CCELevelTwoTitleLabel.swift in Sources */,
				84A184DB281D84B70074D5AB /* HomeVC.swift in Sources */,
				84A184F5281D96120074D5AB /* CCEScreenCollectiveMetricsView.swift in Sources */,
				849539E5283BCD4F00260E85 /* TestVC.swift in Sources */,
				84A184DD281D87CD0074D5AB /* TestsVC.swift in Sources */,
				84A184F9281D98930074D5AB /* CCEBodyLabel.swift in Sources */,
				846CF9E828809BB900E2A96F /* CCEProgressBar.swift in Sources */,
				847DDCA7287E570B00A77199 /* BookVC+Ext.swift in Sources */,
				845BF3DD286E9562003952CF /* CCESeeder.swift in Sources */,
				845BF3DF286E9783003952CF /* ChapterVC.swift in Sources */,
				845B46E0287A7B0500AC58B0 /* RegisterVC.swift in Sources */,
				84A184A8281D72EC0074D5AB /* SceneDelegate.swift in Sources */,
				84C05BA128D7588F00FF86CB /* CCEProgressReport.swift in Sources */,
				84A184EB281D8DB40074D5AB /* CCELevelOneTitleLabel.swift in Sources */,
				849539EC283BE3EC00260E85 /* NetworkManager.swift in Sources */,
				8436CBEE281F00B8007668DC /* UIView+Ext.swift in Sources */,
				84CC3F30287B098A005AFF0F /* CCEUsersData.swift in Sources */,
				8436CBF3281F4621007668DC /* CCESectionCompoundCell.swift in Sources */,
				847DDCAD287E5AB600A77199 /* TestResultVC+Ext.swift in Sources */,
				847DDCB3287E605100A77199 /* CCEChapter.swift in Sources */,
				845B46E2287A8FD000AC58B0 /* LoginVC.swift in Sources */,
				84A184F7281D96740074D5AB /* CCEScreenCollectiveSummary.swift in Sources */,
				8429B31D28E8E124005ECE6E /* TestsPresenter.swift in Sources */,
				84A184B0281D72EC0074D5AB /* canadacitizenshipexam.xcdatamodeld in Sources */,
				847DDCAF287E5FEF00A77199 /* CCEQuestion.swift in Sources */,
				84B8DABF285FDD65008DDAFE /* String+Ext.swift in Sources */,
				84A184E5281D8AB90074D5AB /* SettingsVC.swift in Sources */,
				847DDCA5287E55DF00A77199 /* TestsVC+Ext.swift in Sources */,
				849539E7283BDABC00260E85 /* CCEButton.swift in Sources */,
				847DDCA9287E574B00A77199 /* HomeVC+Ext.swift in Sources */,
				8436CBF5281F465D007668DC /* CCECompoundSection.swift in Sources */,
				84A184EF281D94ED0074D5AB /* CCEHeadingView.swift in Sources */,
				84A184DF281D88D10074D5AB /* CCEConstants.swift in Sources */,
				84502C94286AA0A000E86367 /* CCEDatePickerVC.swift in Sources */,
				8450BC33287F07C90079E016 /* FatalErrorUtil.swift in Sources */,
				84A184E1281D8A330074D5AB /* BookVC.swift in Sources */,
				84A184F3281D95CD0074D5AB /* CCEScreenCollectiveProgressView.swift in Sources */,
				84B8DABC285F9572008DDAFE /* CardCell.swift in Sources */,
				8429B31A28E8D90E005ECE6E /* HomePresenter.swift in Sources */,
				84C05B9F28D74A7900FF86CB /* CCEBaseUIViewController.swift in Sources */,
				84A18500281DF4EE0074D5AB /* CCESection.swift in Sources */,
				847CA1E0288108CA003CC661 /* ScoreStatsManager.swift in Sources */,
				849539E9283BE15E00260E85 /* CCETest.swift in Sources */,
				847CA1DE288104FD003CC661 /* CCEFinishedTest.swift in Sources */,
			);
			runOnlyForDeploymentPostprocessing = 0;
		};
		84A184B7281D72ED0074D5AB /* Sources */ = {
			isa = PBXSourcesBuildPhase;
			buildActionMask = 2147483647;
			files = (
				8450BC31287F02080079E016 /* CCECompoundSectionTests.swift in Sources */,
				84A184C0281D72ED0074D5AB /* canadacitizenshipexamTests.swift in Sources */,
				8450BC3D287F1C300079E016 /* CCETestTests.swift in Sources */,
				8450BC35287F09F60079E016 /* XCTestCase+FatalError.swift in Sources */,
				84979B6E287EF6DC002675A6 /* CCESectionTests.swift in Sources */,
			);
			runOnlyForDeploymentPostprocessing = 0;
		};
		84A184C1281D72ED0074D5AB /* Sources */ = {
			isa = PBXSourcesBuildPhase;
			buildActionMask = 2147483647;
			files = (
				84A184CC281D72ED0074D5AB /* canadacitizenshipexamUITestsLaunchTests.swift in Sources */,
				84A184CA281D72ED0074D5AB /* canadacitizenshipexamUITests.swift in Sources */,
			);
			runOnlyForDeploymentPostprocessing = 0;
		};
/* End PBXSourcesBuildPhase section */

/* Begin PBXTargetDependency section */
		84A184BD281D72ED0074D5AB /* PBXTargetDependency */ = {
			isa = PBXTargetDependency;
			target = 84A184A1281D72EC0074D5AB /* canadacitizenshipexam */;
			targetProxy = 84A184BC281D72ED0074D5AB /* PBXContainerItemProxy */;
		};
		84A184C7281D72ED0074D5AB /* PBXTargetDependency */ = {
			isa = PBXTargetDependency;
			target = 84A184A1281D72EC0074D5AB /* canadacitizenshipexam */;
			targetProxy = 84A184C6281D72ED0074D5AB /* PBXContainerItemProxy */;
		};
/* End PBXTargetDependency section */

/* Begin PBXVariantGroup section */
		842F1B6B287F610000AF45C9 /* 60EBFD59-74CC-439B-B25A-5CB90222FAA4.txt */ = {
			isa = PBXVariantGroup;
			children = (
				842F1B6A287F610000AF45C9 /* Base */,
				842F1B6C287F610300AF45C9 /* en */,
			);
			name = "60EBFD59-74CC-439B-B25A-5CB90222FAA4.txt";
			sourceTree = "<group>";
		};
		8450BC44287F5DB60079E016 /* 947E5DF8-A14D-4A59-BA4E-CBC5BC1F5F6F.txt */ = {
			isa = PBXVariantGroup;
			children = (
				8450BC43287F5DB60079E016 /* Base */,
				8450BC45287F5DBB0079E016 /* en */,
			);
			name = "947E5DF8-A14D-4A59-BA4E-CBC5BC1F5F6F.txt";
			sourceTree = "<group>";
		};
		84A184B3281D72ED0074D5AB /* LaunchScreen.storyboard */ = {
			isa = PBXVariantGroup;
			children = (
				84A184B4281D72ED0074D5AB /* Base */,
			);
			name = LaunchScreen.storyboard;
			sourceTree = "<group>";
		};
		84B182242884EE2700903FF6 /* tests.json */ = {
			isa = PBXVariantGroup;
			children = (
				84B182232884EE2700903FF6 /* Base */,
			);
			name = tests.json;
			sourceTree = "<group>";
		};
/* End PBXVariantGroup section */

/* Begin XCBuildConfiguration section */
		84A184CD281D72ED0074D5AB /* Debug */ = {
			isa = XCBuildConfiguration;
			buildSettings = {
				ALWAYS_SEARCH_USER_PATHS = NO;
				CLANG_ANALYZER_NONNULL = YES;
				CLANG_ANALYZER_NUMBER_OBJECT_CONVERSION = YES_AGGRESSIVE;
				CLANG_CXX_LANGUAGE_STANDARD = "gnu++17";
				CLANG_CXX_LIBRARY = "libc++";
				CLANG_ENABLE_MODULES = YES;
				CLANG_ENABLE_OBJC_ARC = YES;
				CLANG_ENABLE_OBJC_WEAK = YES;
				CLANG_WARN_BLOCK_CAPTURE_AUTORELEASING = YES;
				CLANG_WARN_BOOL_CONVERSION = YES;
				CLANG_WARN_COMMA = YES;
				CLANG_WARN_CONSTANT_CONVERSION = YES;
				CLANG_WARN_DEPRECATED_OBJC_IMPLEMENTATIONS = YES;
				CLANG_WARN_DIRECT_OBJC_ISA_USAGE = YES_ERROR;
				CLANG_WARN_DOCUMENTATION_COMMENTS = YES;
				CLANG_WARN_EMPTY_BODY = YES;
				CLANG_WARN_ENUM_CONVERSION = YES;
				CLANG_WARN_INFINITE_RECURSION = YES;
				CLANG_WARN_INT_CONVERSION = YES;
				CLANG_WARN_NON_LITERAL_NULL_CONVERSION = YES;
				CLANG_WARN_OBJC_IMPLICIT_RETAIN_SELF = YES;
				CLANG_WARN_OBJC_LITERAL_CONVERSION = YES;
				CLANG_WARN_OBJC_ROOT_CLASS = YES_ERROR;
				CLANG_WARN_QUOTED_INCLUDE_IN_FRAMEWORK_HEADER = YES;
				CLANG_WARN_RANGE_LOOP_ANALYSIS = YES;
				CLANG_WARN_STRICT_PROTOTYPES = YES;
				CLANG_WARN_SUSPICIOUS_MOVE = YES;
				CLANG_WARN_UNGUARDED_AVAILABILITY = YES_AGGRESSIVE;
				CLANG_WARN_UNREACHABLE_CODE = YES;
				CLANG_WARN__DUPLICATE_METHOD_MATCH = YES;
				COPY_PHASE_STRIP = NO;
				DEBUG_INFORMATION_FORMAT = dwarf;
				ENABLE_STRICT_OBJC_MSGSEND = YES;
				ENABLE_TESTABILITY = YES;
				GCC_C_LANGUAGE_STANDARD = gnu11;
				GCC_DYNAMIC_NO_PIC = NO;
				GCC_NO_COMMON_BLOCKS = YES;
				GCC_OPTIMIZATION_LEVEL = 0;
				GCC_PREPROCESSOR_DEFINITIONS = (
					"DEBUG=1",
					"$(inherited)",
				);
				GCC_WARN_64_TO_32_BIT_CONVERSION = YES;
				GCC_WARN_ABOUT_RETURN_TYPE = YES_ERROR;
				GCC_WARN_UNDECLARED_SELECTOR = YES;
				GCC_WARN_UNINITIALIZED_AUTOS = YES_AGGRESSIVE;
				GCC_WARN_UNUSED_FUNCTION = YES;
				GCC_WARN_UNUSED_VARIABLE = YES;
				IPHONEOS_DEPLOYMENT_TARGET = 15.2;
				MTL_ENABLE_DEBUG_INFO = INCLUDE_SOURCE;
				MTL_FAST_MATH = YES;
				ONLY_ACTIVE_ARCH = YES;
				SDKROOT = iphoneos;
				SWIFT_ACTIVE_COMPILATION_CONDITIONS = DEBUG;
				SWIFT_OPTIMIZATION_LEVEL = "-Onone";
			};
			name = Debug;
		};
		84A184CE281D72ED0074D5AB /* Release */ = {
			isa = XCBuildConfiguration;
			buildSettings = {
				ALWAYS_SEARCH_USER_PATHS = NO;
				CLANG_ANALYZER_NONNULL = YES;
				CLANG_ANALYZER_NUMBER_OBJECT_CONVERSION = YES_AGGRESSIVE;
				CLANG_CXX_LANGUAGE_STANDARD = "gnu++17";
				CLANG_CXX_LIBRARY = "libc++";
				CLANG_ENABLE_MODULES = YES;
				CLANG_ENABLE_OBJC_ARC = YES;
				CLANG_ENABLE_OBJC_WEAK = YES;
				CLANG_WARN_BLOCK_CAPTURE_AUTORELEASING = YES;
				CLANG_WARN_BOOL_CONVERSION = YES;
				CLANG_WARN_COMMA = YES;
				CLANG_WARN_CONSTANT_CONVERSION = YES;
				CLANG_WARN_DEPRECATED_OBJC_IMPLEMENTATIONS = YES;
				CLANG_WARN_DIRECT_OBJC_ISA_USAGE = YES_ERROR;
				CLANG_WARN_DOCUMENTATION_COMMENTS = YES;
				CLANG_WARN_EMPTY_BODY = YES;
				CLANG_WARN_ENUM_CONVERSION = YES;
				CLANG_WARN_INFINITE_RECURSION = YES;
				CLANG_WARN_INT_CONVERSION = YES;
				CLANG_WARN_NON_LITERAL_NULL_CONVERSION = YES;
				CLANG_WARN_OBJC_IMPLICIT_RETAIN_SELF = YES;
				CLANG_WARN_OBJC_LITERAL_CONVERSION = YES;
				CLANG_WARN_OBJC_ROOT_CLASS = YES_ERROR;
				CLANG_WARN_QUOTED_INCLUDE_IN_FRAMEWORK_HEADER = YES;
				CLANG_WARN_RANGE_LOOP_ANALYSIS = YES;
				CLANG_WARN_STRICT_PROTOTYPES = YES;
				CLANG_WARN_SUSPICIOUS_MOVE = YES;
				CLANG_WARN_UNGUARDED_AVAILABILITY = YES_AGGRESSIVE;
				CLANG_WARN_UNREACHABLE_CODE = YES;
				CLANG_WARN__DUPLICATE_METHOD_MATCH = YES;
				COPY_PHASE_STRIP = NO;
				DEBUG_INFORMATION_FORMAT = "dwarf-with-dsym";
				ENABLE_NS_ASSERTIONS = NO;
				ENABLE_STRICT_OBJC_MSGSEND = YES;
				GCC_C_LANGUAGE_STANDARD = gnu11;
				GCC_NO_COMMON_BLOCKS = YES;
				GCC_WARN_64_TO_32_BIT_CONVERSION = YES;
				GCC_WARN_ABOUT_RETURN_TYPE = YES_ERROR;
				GCC_WARN_UNDECLARED_SELECTOR = YES;
				GCC_WARN_UNINITIALIZED_AUTOS = YES_AGGRESSIVE;
				GCC_WARN_UNUSED_FUNCTION = YES;
				GCC_WARN_UNUSED_VARIABLE = YES;
				IPHONEOS_DEPLOYMENT_TARGET = 15.2;
				MTL_ENABLE_DEBUG_INFO = NO;
				MTL_FAST_MATH = YES;
				SDKROOT = iphoneos;
				SWIFT_COMPILATION_MODE = wholemodule;
				SWIFT_OPTIMIZATION_LEVEL = "-O";
				VALIDATE_PRODUCT = YES;
			};
			name = Release;
		};
		84A184D0281D72ED0074D5AB /* Debug */ = {
			isa = XCBuildConfiguration;
			baseConfigurationReference = B11E0A23345BFF5B4B1D8486 /* Pods-canadacitizenshipexam.debug.xcconfig */;
			buildSettings = {
				ALWAYS_EMBED_SWIFT_STANDARD_LIBRARIES = NO;
				ASSETCATALOG_COMPILER_APPICON_NAME = AppIcon;
				ASSETCATALOG_COMPILER_GLOBAL_ACCENT_COLOR_NAME = AccentColor;
				CODE_SIGN_STYLE = Automatic;
				CURRENT_PROJECT_VERSION = 1;
				DEVELOPMENT_TEAM = 735DPA5JBN;
				GENERATE_INFOPLIST_FILE = YES;
				INFOPLIST_FILE = canadacitizenshipexam/Info.plist;
				INFOPLIST_KEY_UIApplicationSupportsIndirectInputEvents = YES;
				INFOPLIST_KEY_UILaunchStoryboardName = LaunchScreen;
				INFOPLIST_KEY_UISupportedInterfaceOrientations_iPad = "UIInterfaceOrientationPortrait UIInterfaceOrientationPortraitUpsideDown UIInterfaceOrientationLandscapeLeft UIInterfaceOrientationLandscapeRight";
				INFOPLIST_KEY_UISupportedInterfaceOrientations_iPhone = "UIInterfaceOrientationPortrait UIInterfaceOrientationLandscapeLeft UIInterfaceOrientationLandscapeRight";
				LD_RUNPATH_SEARCH_PATHS = (
					"$(inherited)",
					"@executable_path/Frameworks",
				);
				MARKETING_VERSION = 1.0;
				PRODUCT_BUNDLE_IDENTIFIER = com.haiphcnguyen.canadacitizenshipexam;
				PRODUCT_NAME = "$(TARGET_NAME)";
				SWIFT_EMIT_LOC_STRINGS = YES;
				SWIFT_VERSION = 5.0;
				TARGETED_DEVICE_FAMILY = "1,2";
			};
			name = Debug;
		};
		84A184D1281D72ED0074D5AB /* Release */ = {
			isa = XCBuildConfiguration;
			baseConfigurationReference = 2E0199522D1F873CD32B5E91 /* Pods-canadacitizenshipexam.release.xcconfig */;
			buildSettings = {
				ALWAYS_EMBED_SWIFT_STANDARD_LIBRARIES = NO;
				ASSETCATALOG_COMPILER_APPICON_NAME = AppIcon;
				ASSETCATALOG_COMPILER_GLOBAL_ACCENT_COLOR_NAME = AccentColor;
				CODE_SIGN_STYLE = Automatic;
				CURRENT_PROJECT_VERSION = 1;
				DEVELOPMENT_TEAM = 735DPA5JBN;
				GENERATE_INFOPLIST_FILE = YES;
				INFOPLIST_FILE = canadacitizenshipexam/Info.plist;
				INFOPLIST_KEY_UIApplicationSupportsIndirectInputEvents = YES;
				INFOPLIST_KEY_UILaunchStoryboardName = LaunchScreen;
				INFOPLIST_KEY_UISupportedInterfaceOrientations_iPad = "UIInterfaceOrientationPortrait UIInterfaceOrientationPortraitUpsideDown UIInterfaceOrientationLandscapeLeft UIInterfaceOrientationLandscapeRight";
				INFOPLIST_KEY_UISupportedInterfaceOrientations_iPhone = "UIInterfaceOrientationPortrait UIInterfaceOrientationLandscapeLeft UIInterfaceOrientationLandscapeRight";
				LD_RUNPATH_SEARCH_PATHS = (
					"$(inherited)",
					"@executable_path/Frameworks",
				);
				MARKETING_VERSION = 1.0;
				PRODUCT_BUNDLE_IDENTIFIER = com.haiphcnguyen.canadacitizenshipexam;
				PRODUCT_NAME = "$(TARGET_NAME)";
				SWIFT_EMIT_LOC_STRINGS = YES;
				SWIFT_VERSION = 5.0;
				TARGETED_DEVICE_FAMILY = "1,2";
			};
			name = Release;
		};
		84A184D3281D72ED0074D5AB /* Debug */ = {
			isa = XCBuildConfiguration;
			baseConfigurationReference = 2654EEF78C2D179CA3769E49 /* Pods-canadacitizenshipexamTests.debug.xcconfig */;
			buildSettings = {
				ALWAYS_EMBED_SWIFT_STANDARD_LIBRARIES = YES;
				BUNDLE_LOADER = "$(TEST_HOST)";
				CODE_SIGN_STYLE = Automatic;
				CURRENT_PROJECT_VERSION = 1;
				DEVELOPMENT_TEAM = 735DPA5JBN;
				GENERATE_INFOPLIST_FILE = YES;
				IPHONEOS_DEPLOYMENT_TARGET = 15.2;
				MARKETING_VERSION = 1.0;
				PRODUCT_BUNDLE_IDENTIFIER = com.haiphcnguyen.canadacitizenshipexamTests;
				PRODUCT_NAME = "$(TARGET_NAME)";
				SWIFT_EMIT_LOC_STRINGS = NO;
				SWIFT_VERSION = 5.0;
				TARGETED_DEVICE_FAMILY = "1,2";
				TEST_HOST = "$(BUILT_PRODUCTS_DIR)/canadacitizenshipexam.app/canadacitizenshipexam";
			};
			name = Debug;
		};
		84A184D4281D72ED0074D5AB /* Release */ = {
			isa = XCBuildConfiguration;
			baseConfigurationReference = 3596294FFD5F9E6221EF9178 /* Pods-canadacitizenshipexamTests.release.xcconfig */;
			buildSettings = {
				ALWAYS_EMBED_SWIFT_STANDARD_LIBRARIES = YES;
				BUNDLE_LOADER = "$(TEST_HOST)";
				CODE_SIGN_STYLE = Automatic;
				CURRENT_PROJECT_VERSION = 1;
				DEVELOPMENT_TEAM = 735DPA5JBN;
				GENERATE_INFOPLIST_FILE = YES;
				IPHONEOS_DEPLOYMENT_TARGET = 15.2;
				MARKETING_VERSION = 1.0;
				PRODUCT_BUNDLE_IDENTIFIER = com.haiphcnguyen.canadacitizenshipexamTests;
				PRODUCT_NAME = "$(TARGET_NAME)";
				SWIFT_EMIT_LOC_STRINGS = NO;
				SWIFT_VERSION = 5.0;
				TARGETED_DEVICE_FAMILY = "1,2";
				TEST_HOST = "$(BUILT_PRODUCTS_DIR)/canadacitizenshipexam.app/canadacitizenshipexam";
			};
			name = Release;
		};
		84A184D6281D72ED0074D5AB /* Debug */ = {
			isa = XCBuildConfiguration;
			baseConfigurationReference = D021F3C61232A3483D583E72 /* Pods-canadacitizenshipexam-canadacitizenshipexamUITests.debug.xcconfig */;
			buildSettings = {
				ALWAYS_EMBED_SWIFT_STANDARD_LIBRARIES = YES;
				CODE_SIGN_STYLE = Automatic;
				CURRENT_PROJECT_VERSION = 1;
				DEVELOPMENT_TEAM = 735DPA5JBN;
				GENERATE_INFOPLIST_FILE = YES;
				MARKETING_VERSION = 1.0;
				PRODUCT_BUNDLE_IDENTIFIER = com.haiphcnguyen.canadacitizenshipexamUITests;
				PRODUCT_NAME = "$(TARGET_NAME)";
				SWIFT_EMIT_LOC_STRINGS = NO;
				SWIFT_VERSION = 5.0;
				TARGETED_DEVICE_FAMILY = "1,2";
				TEST_TARGET_NAME = canadacitizenshipexam;
			};
			name = Debug;
		};
		84A184D7281D72ED0074D5AB /* Release */ = {
			isa = XCBuildConfiguration;
			baseConfigurationReference = 662D13FA3BD7D68C42651586 /* Pods-canadacitizenshipexam-canadacitizenshipexamUITests.release.xcconfig */;
			buildSettings = {
				ALWAYS_EMBED_SWIFT_STANDARD_LIBRARIES = YES;
				CODE_SIGN_STYLE = Automatic;
				CURRENT_PROJECT_VERSION = 1;
				DEVELOPMENT_TEAM = 735DPA5JBN;
				GENERATE_INFOPLIST_FILE = YES;
				MARKETING_VERSION = 1.0;
				PRODUCT_BUNDLE_IDENTIFIER = com.haiphcnguyen.canadacitizenshipexamUITests;
				PRODUCT_NAME = "$(TARGET_NAME)";
				SWIFT_EMIT_LOC_STRINGS = NO;
				SWIFT_VERSION = 5.0;
				TARGETED_DEVICE_FAMILY = "1,2";
				TEST_TARGET_NAME = canadacitizenshipexam;
			};
			name = Release;
		};
/* End XCBuildConfiguration section */

/* Begin XCConfigurationList section */
		84A1849D281D72EC0074D5AB /* Build configuration list for PBXProject "canadacitizenshipexam" */ = {
			isa = XCConfigurationList;
			buildConfigurations = (
				84A184CD281D72ED0074D5AB /* Debug */,
				84A184CE281D72ED0074D5AB /* Release */,
			);
			defaultConfigurationIsVisible = 0;
			defaultConfigurationName = Release;
		};
		84A184CF281D72ED0074D5AB /* Build configuration list for PBXNativeTarget "canadacitizenshipexam" */ = {
			isa = XCConfigurationList;
			buildConfigurations = (
				84A184D0281D72ED0074D5AB /* Debug */,
				84A184D1281D72ED0074D5AB /* Release */,
			);
			defaultConfigurationIsVisible = 0;
			defaultConfigurationName = Release;
		};
		84A184D2281D72ED0074D5AB /* Build configuration list for PBXNativeTarget "canadacitizenshipexamTests" */ = {
			isa = XCConfigurationList;
			buildConfigurations = (
				84A184D3281D72ED0074D5AB /* Debug */,
				84A184D4281D72ED0074D5AB /* Release */,
			);
			defaultConfigurationIsVisible = 0;
			defaultConfigurationName = Release;
		};
		84A184D5281D72ED0074D5AB /* Build configuration list for PBXNativeTarget "canadacitizenshipexamUITests" */ = {
			isa = XCConfigurationList;
			buildConfigurations = (
				84A184D6281D72ED0074D5AB /* Debug */,
				84A184D7281D72ED0074D5AB /* Release */,
			);
			defaultConfigurationIsVisible = 0;
			defaultConfigurationName = Release;
		};
/* End XCConfigurationList section */

/* Begin XCVersionGroup section */
		84A184AE281D72EC0074D5AB /* canadacitizenshipexam.xcdatamodeld */ = {
			isa = XCVersionGroup;
			children = (
				84A184AF281D72EC0074D5AB /* canadacitizenshipexam.xcdatamodel */,
			);
			currentVersion = 84A184AF281D72EC0074D5AB /* canadacitizenshipexam.xcdatamodel */;
			path = canadacitizenshipexam.xcdatamodeld;
			sourceTree = "<group>";
			versionGroupType = wrapper.xcdatamodel;
		};
/* End XCVersionGroup section */
	};
	rootObject = 84A1849A281D72EC0074D5AB /* Project object */;
}
